
Microsoft Visual Studio Solution File, Format Version 12.00
# Visual Studio 15
VisualStudioVersion = 15.0.28010.2016
MinimumVisualStudioVersion = 10.0.40219.1
Project("{FAE04EC0-301F-11D3-BF4B-00C04F79EFBC}") = "IFtask2", "IFtask2\IFtask2.csproj", "{1ADD7BC0-87E3-496B-9FA1-A66132B5DD43}"
EndProject
Global
	GlobalSection(SolutionConfigurationPlatforms) = preSolution
		Debug|Any CPU = Debug|Any CPU
		Release|Any CPU = Release|Any CPU
	EndGlobalSection
	GlobalSection(ProjectConfigurationPlatforms) = postSolution
		{1ADD7BC0-87E3-496B-9FA1-A66132B5DD43}.Debug|Any CPU.ActiveCfg = Debug|Any CPU
		{1ADD7BC0-87E3-496B-9FA1-A66132B5DD43}.Debug|Any CPU.Build.0 = Debug|Any CPU
		{1ADD7BC0-87E3-496B-9FA1-A66132B5DD43}.Release|Any CPU.ActiveCfg = Release|Any CPU
		{1ADD7BC0-87E3-496B-9FA1-A66132B5DD43}.Release|Any CPU.Build.0 = Release|Any CPU
	EndGlobalSection
	GlobalSection(SolutionProperties) = preSolution
		HideSolutionNode = FALSE
	EndGlobalSection
	GlobalSection(ExtensibilityGlobals) = postSolution
		SolutionGuid = {ECFEA3B2-4F22-4698-98E4-F6BF2EEADD16}
	EndGlobalSection
EndGlobal
